// !$*UTF8*$!
{
	archiveVersion = 1;
	classes = {
	};
	objectVersion = 77;
	objects = {

/* Begin PBXBuildFile section */
		F07316B33022831200FFA544 /* WidgetKit.framework in Frameworks */ = {isa = PBXBuildFile; fileRef = F07316B23022831200FFA544 /* WidgetKit.framework */; };
		F07316B53022831200FFA544 /* SwiftUI.framework in Frameworks */ = {isa = PBXBuildFile; fileRef = F07316B43022831200FFA544 /* SwiftUI.framework */; };
		F07316C03022831400FFA544 /* LushWidgetExtension.appex in Embed Foundation Extensions */ = {isa = PBXBuildFile; fileRef = F07316B03022831200FFA544 /* LushWidgetExtension.appex */; settings = {ATTRIBUTES = (RemoveHeadersOnCopy, ); }; };
		F073171B30241ABC00FFA544 /* LushShareExtension.appex in Embed Foundation Extensions */ = {isa = PBXBuildFile; fileRef = F073170F30241ABC00FFA544 /* LushShareExtension.appex */; platformFilters = (macos, ); settings = {ATTRIBUTES = (RemoveHeadersOnCopy, ); }; };
		F073173330241AD500FFA544 /* LushFinderAction.appex in Embed Foundation Extensions */ = {isa = PBXBuildFile; fileRef = F073172530241AD500FFA544 /* LushFinderAction.appex */; platformFilters = (macos, ); settings = {ATTRIBUTES = (RemoveHeadersOnCopy, ); }; };
		F0872FA4301F62AD003F9B3B /* PatchworkWeb.bundle in Resources */ = {isa = PBXBuildFile; fileRef = F0872FA3301F62AD003F9B3B /* PatchworkWeb.bundle */; };
		F0872FA7301F718C003F9B3B /* PatchworkServerKit in Frameworks */ = {isa = PBXBuildFile; productRef = F0872FA6301F718C003F9B3B /* PatchworkServerKit */; };
		F0872FAA301F756A003F9B3B /* PatchworkServerKit in Frameworks */ = {isa = PBXBuildFile; productRef = F0872FA9301F756A003F9B3B /* PatchworkServerKit */; };
/* End PBXBuildFile section */

/* Begin PBXContainerItemProxy section */
		F07316BE3022831400FFA544 /* PBXContainerItemProxy */ = {
			isa = PBXContainerItemProxy;
			containerPortal = F001D300301E8AA900E154BD /* Project object */;
			proxyType = 1;
			remoteGlobalIDString = F07316AF3022831200FFA544;
			remoteInfo = LushWidgetExtension;
		};
		F073171930241ABC00FFA544 /* PBXContainerItemProxy */ = {
			isa = PBXContainerItemProxy;
			containerPortal = F001D300301E8AA900E154BD /* Project object */;
			proxyType = 1;
			remoteGlobalIDString = F073170E30241ABC00FFA544;
			remoteInfo = LushShareExtension;
		};
		F073173130241AD500FFA544 /* PBXContainerItemProxy */ = {
			isa = PBXContainerItemProxy;
			containerPortal = F001D300301E8AA900E154BD /* Project object */;
			proxyType = 1;
			remoteGlobalIDString = F073172430241AD500FFA544;
			remoteInfo = LushFinderAction;
		};
/* End PBXContainerItemProxy section */

/* Begin PBXCopyFilesBuildPhase section */
		F07316C53022831400FFA544 /* Embed Foundation Extensions */ = {
			isa = PBXCopyFilesBuildPhase;
			buildActionMask = 2147483647;
			dstPath = "";
			dstSubfolderSpec = 13;
			files = (
				F073171B30241ABC00FFA544 /* LushShareExtension.appex in Embed Foundation Extensions */,
				F07316C03022831400FFA544 /* LushWidgetExtension.appex in Embed Foundation Extensions */,
				F073173330241AD500FFA544 /* LushFinderAction.appex in Embed Foundation Extensions */,
			);
			name = "Embed Foundation Extensions";
			runOnlyForDeploymentPostprocessing = 0;
		};
/* End PBXCopyFilesBuildPhase section */

/* Begin PBXFileReference section */
		F001D308301E8AA900E154BD /* Lush.app */ = {isa = PBXFileReference; explicitFileType = wrapper.application; includeInIndex = 0; path = Lush.app; sourceTree = BUILT_PRODUCTS_DIR; };
		F07316B03022831200FFA544 /* LushWidgetExtension.appex */ = {isa = PBXFileReference; explicitFileType = "wrapper.app-extension"; includeInIndex = 0; path = LushWidgetExtension.appex; sourceTree = BUILT_PRODUCTS_DIR; };
		F07316B23022831200FFA544 /* WidgetKit.framework */ = {isa = PBXFileReference; lastKnownFileType = wrapper.framework; name = WidgetKit.framework; path = /System/Library/Frameworks/WidgetKit.framework; sourceTree = "<absolute>"; };
		F07316B43022831200FFA544 /* SwiftUI.framework */ = {isa = PBXFileReference; lastKnownFileType = wrapper.framework; name = SwiftUI.framework; path = /System/Library/Frameworks/SwiftUI.framework; sourceTree = "<absolute>"; };
		F073170F30241ABC00FFA544 /* LushShareExtension.appex */ = {isa = PBXFileReference; explicitFileType = "wrapper.app-extension"; includeInIndex = 0; path = LushShareExtension.appex; sourceTree = BUILT_PRODUCTS_DIR; };
		F073172530241AD500FFA544 /* LushFinderAction.appex */ = {isa = PBXFileReference; explicitFileType = "wrapper.app-extension"; includeInIndex = 0; path = LushFinderAction.appex; sourceTree = BUILT_PRODUCTS_DIR; };
		F0872FA3301F62AD003F9B3B /* PatchworkWeb.bundle */ = {isa = PBXFileReference; lastKnownFileType = "wrapper.plug-in"; path = PatchworkWeb.bundle; sourceTree = "<group>"; };
/* End PBXFileReference section */

/* Begin PBXFileSystemSynchronizedBuildFileExceptionSet section */
		F07316C13022831400FFA544 /* Exceptions for "LushWidget" folder in "LushWidgetExtension" target */ = {
			isa = PBXFileSystemSynchronizedBuildFileExceptionSet;
			membershipExceptions = (
				Info.plist,
			);
			target = F07316AF3022831200FFA544 /* LushWidgetExtension */;
		};
		F073171C30241ABC00FFA544 /* Exceptions for "LushShareExtension" folder in "LushShareExtension" target */ = {
			isa = PBXFileSystemSynchronizedBuildFileExceptionSet;
			membershipExceptions = (
				Info.plist,
			);
			target = F073170E30241ABC00FFA544 /* LushShareExtension */;
		};
		F073173430241AD500FFA544 /* Exceptions for "LushFinderAction" folder in "LushFinderAction" target */ = {
			isa = PBXFileSystemSynchronizedBuildFileExceptionSet;
			membershipExceptions = (
				Info.plist,
			);
			target = F073172430241AD500FFA544 /* LushFinderAction */;
		};
		F09B1ABE3020EA4300417560 /* Exceptions for "lush" folder in "Lush" target */ = {
			isa = PBXFileSystemSynchronizedBuildFileExceptionSet;
			membershipExceptions = (
				Info.plist,
			);
			target = F001D307301E8AA900E154BD /* Lush */;
		};
/* End PBXFileSystemSynchronizedBuildFileExceptionSet section */

/* Begin PBXFileSystemSynchronizedRootGroup section */
		F07316B63022831200FFA544 /* LushWidget */ = {
			isa = PBXFileSystemSynchronizedRootGroup;
			exceptions = (
				F07316C13022831400FFA544 /* Exceptions for "LushWidget" folder in "LushWidgetExtension" target */,
			);
			path = LushWidget;
			sourceTree = "<group>";
		};
		F073171030241ABC00FFA544 /* LushShareExtension */ = {
			isa = PBXFileSystemSynchronizedRootGroup;
			exceptions = (
				F073171C30241ABC00FFA544 /* Exceptions for "LushShareExtension" folder in "LushShareExtension" target */,
			);
			path = LushShareExtension;
			sourceTree = "<group>";
		};
		F073172630241AD500FFA544 /* LushFinderAction */ = {
			isa = PBXFileSystemSynchronizedRootGroup;
			exceptions = (
				F073173430241AD500FFA544 /* Exceptions for "LushFinderAction" folder in "LushFinderAction" target */,
			);
			path = LushFinderAction;
			sourceTree = "<group>";
		};
		F09B1AA13020DCF500417560 /* lush */ = {
			isa = PBXFileSystemSynchronizedRootGroup;
			exceptions = (
				F09B1ABE3020EA4300417560 /* Exceptions for "lush" folder in "Lush" target */,
			);
			path = lush;
			sourceTree = "<group>";
		};
/* End PBXFileSystemSynchronizedRootGroup section */

/* Begin PBXFrameworksBuildPhase section */
		F001D305301E8AA900E154BD /* Frameworks */ = {
			isa = PBXFrameworksBuildPhase;
			buildActionMask = 2147483647;
			files = (
				F0872FAA301F756A003F9B3B /* PatchworkServerKit in Frameworks */,
				F0872FA7301F718C003F9B3B /* PatchworkServerKit in Frameworks */,
			);
			runOnlyForDeploymentPostprocessing = 0;
		};
		F07316AD3022831200FFA544 /* Frameworks */ = {
			isa = PBXFrameworksBuildPhase;
			buildActionMask = 2147483647;
			files = (
				F07316B53022831200FFA544 /* SwiftUI.framework in Frameworks */,
				F07316B33022831200FFA544 /* WidgetKit.framework in Frameworks */,
			);
			runOnlyForDeploymentPostprocessing = 0;
		};
		F073170C30241ABC00FFA544 /* Frameworks */ = {
			isa = PBXFrameworksBuildPhase;
			buildActionMask = 2147483647;
			files = (
			);
			runOnlyForDeploymentPostprocessing = 0;
		};
		F073172230241AD500FFA544 /* Frameworks */ = {
			isa = PBXFrameworksBuildPhase;
			buildActionMask = 2147483647;
			files = (
			);
			runOnlyForDeploymentPostprocessing = 0;
		};
/* End PBXFrameworksBuildPhase section */

/* Begin PBXGroup section */
		F001D2FF301E8AA900E154BD = {
			isa = PBXGroup;
			children = (
				F07316B63022831200FFA544 /* LushWidget */,
				F073171030241ABC00FFA544 /* LushShareExtension */,
				F073172630241AD500FFA544 /* LushFinderAction */,
				F07316B13022831200FFA544 /* Frameworks */,
				F001D309301E8AA900E154BD /* Products */,
				F0872FA3301F62AD003F9B3B /* PatchworkWeb.bundle */,
				F09B1AA13020DCF500417560 /* lush */,
			);
			sourceTree = "<group>";
		};
		F001D309301E8AA900E154BD /* Products */ = {
			isa = PBXGroup;
			children = (
				F001D308301E8AA900E154BD /* Lush.app */,
				F07316B03022831200FFA544 /* LushWidgetExtension.appex */,
				F073170F30241ABC00FFA544 /* LushShareExtension.appex */,
				F073172530241AD500FFA544 /* LushFinderAction.appex */,
			);
			name = Products;
			sourceTree = "<group>";
		};
		F07316B13022831200FFA544 /* Frameworks */ = {
			isa = PBXGroup;
			children = (
				F07316B23022831200FFA544 /* WidgetKit.framework */,
				F07316B43022831200FFA544 /* SwiftUI.framework */,
			);
			name = Frameworks;
			sourceTree = "<group>";
		};
/* End PBXGroup section */

/* Begin PBXNativeTarget section */
		F001D307301E8AA900E154BD /* Lush */ = {
			isa = PBXNativeTarget;
			buildConfigurationList = F001D315301E8AAA00E154BD /* Build configuration list for PBXNativeTarget "Lush" */;
			buildPhases = (
				F001D304301E8AA900E154BD /* Sources */,
				F001D305301E8AA900E154BD /* Frameworks */,
				F001D306301E8AA900E154BD /* Resources */,
				F07316C53022831400FFA544 /* Embed Foundation Extensions */,
			);
			buildRules = (
			);
			dependencies = (
				F07316BF3022831400FFA544 /* PBXTargetDependency */,
				F073171A30241ABC00FFA544 /* PBXTargetDependency */,
				F073173230241AD500FFA544 /* PBXTargetDependency */,
			);
			fileSystemSynchronizedGroups = (
				F09B1AA13020DCF500417560 /* lush */,
			);
			name = Lush;
			packageProductDependencies = (
				F0872FA6301F718C003F9B3B /* PatchworkServerKit */,
				F0872FA9301F756A003F9B3B /* PatchworkServerKit */,
			);
			productName = richtext;
			productReference = F001D308301E8AA900E154BD /* Lush.app */;
			productType = "com.apple.product-type.application";
		};
		F07316AF3022831200FFA544 /* LushWidgetExtension */ = {
			isa = PBXNativeTarget;
			buildConfigurationList = F07316C23022831400FFA544 /* Build configuration list for PBXNativeTarget "LushWidgetExtension" */;
			buildPhases = (
				F07316AC3022831200FFA544 /* Sources */,
				F07316AD3022831200FFA544 /* Frameworks */,
				F07316AE3022831200FFA544 /* Resources */,
			);
			buildRules = (
			);
			dependencies = (
			);
			fileSystemSynchronizedGroups = (
				F07316B63022831200FFA544 /* LushWidget */,
			);
			name = LushWidgetExtension;
			packageProductDependencies = (
			);
			productName = LushWidgetExtension;
			productReference = F07316B03022831200FFA544 /* LushWidgetExtension.appex */;
			productType = "com.apple.product-type.app-extension";
		};
		F073170E30241ABC00FFA544 /* LushShareExtension */ = {
			isa = PBXNativeTarget;
			buildConfigurationList = F073171D30241ABC00FFA544 /* Build configuration list for PBXNativeTarget "LushShareExtension" */;
			buildPhases = (
				F073170B30241ABC00FFA544 /* Sources */,
				F073170C30241ABC00FFA544 /* Frameworks */,
				F073170D30241ABC00FFA544 /* Resources */,
			);
			buildRules = (
			);
			dependencies = (
			);
			fileSystemSynchronizedGroups = (
				F073171030241ABC00FFA544 /* LushShareExtension */,
			);
			name = LushShareExtension;
			packageProductDependencies = (
			);
			productName = LushShareExtension;
			productReference = F073170F30241ABC00FFA544 /* LushShareExtension.appex */;
			productType = "com.apple.product-type.app-extension";
		};
		F073172430241AD500FFA544 /* LushFinderAction */ = {
			isa = PBXNativeTarget;
			buildConfigurationList = F073173530241AD500FFA544 /* Build configuration list for PBXNativeTarget "LushFinderAction" */;
			buildPhases = (
				F073172130241AD500FFA544 /* Sources */,
				F073172230241AD500FFA544 /* Frameworks */,
				F073172330241AD500FFA544 /* Resources */,
			);
			buildRules = (
			);
			dependencies = (
			);
			fileSystemSynchronizedGroups = (
				F073172630241AD500FFA544 /* LushFinderAction */,
			);
			name = LushFinderAction;
			packageProductDependencies = (
			);
			productName = LushFinderAction;
			productReference = F073172530241AD500FFA544 /* LushFinderAction.appex */;
			productType = "com.apple.product-type.app-extension";
		};
/* End PBXNativeTarget section */

/* Begin PBXProject section */
		F001D300301E8AA900E154BD /* Project object */ = {
			isa = PBXProject;
			attributes = {
				BuildIndependentTargetsInParallel = 1;
				LastSwiftUpdateCheck = 2660;
				LastUpgradeCheck = 2660;
				TargetAttributes = {
					F001D307301E8AA900E154BD = {
						CreatedOnToolsVersion = 26.6;
					};
					F07316AF3022831200FFA544 = {
						CreatedOnToolsVersion = 26.6;
					};
					F073170E30241ABC00FFA544 = {
						CreatedOnToolsVersion = 26.6;
					};
					F073172430241AD500FFA544 = {
						CreatedOnToolsVersion = 26.6;
					};
				};
			};
			buildConfigurationList = F001D303301E8AA900E154BD /* Build configuration list for PBXProject "Lush" */;
			developmentRegion = en;
			hasScannedForEncodings = 0;
			knownRegions = (
				en,
				Base,
			);
			mainGroup = F001D2FF301E8AA900E154BD;
			minimizedProjectReferenceProxies = 1;
			packageReferences = (
				F0872FA8301F756A003F9B3B /* XCLocalSwiftPackageReference "PatchworkServerKit" */,
				F0E8D900301FC271002F3622 /* XCRemoteSwiftPackageReference "Runestone" */,
				F0E8D901301FC4C4002F3622 /* XCRemoteSwiftPackageReference "TreeSitterLanguages" */,
			);
			preferredProjectObjectVersion = 77;
			productRefGroup = F001D309301E8AA900E154BD /* Products */;
			projectDirPath = "";
			projectRoot = "";
			targets = (
				F001D307301E8AA900E154BD /* Lush */,
				F07316AF3022831200FFA544 /* LushWidgetExtension */,
				F073170E30241ABC00FFA544 /* LushShareExtension */,
				F073172430241AD500FFA544 /* LushFinderAction */,
			);
		};
/* End PBXProject section */

/* Begin PBXResourcesBuildPhase section */
		F001D306301E8AA900E154BD /* Resources */ = {
			isa = PBXResourcesBuildPhase;
			buildActionMask = 2147483647;
			files = (
				F0872FA4301F62AD003F9B3B /* PatchworkWeb.bundle in Resources */,
			);
			runOnlyForDeploymentPostprocessing = 0;
		};
		F07316AE3022831200FFA544 /* Resources */ = {
			isa = PBXResourcesBuildPhase;
			buildActionMask = 2147483647;
			files = (
			);
			runOnlyForDeploymentPostprocessing = 0;
		};
		F073170D30241ABC00FFA544 /* Resources */ = {
			isa = PBXResourcesBuildPhase;
			buildActionMask = 2147483647;
			files = (
			);
			runOnlyForDeploymentPostprocessing = 0;
		};
		F073172330241AD500FFA544 /* Resources */ = {
			isa = PBXResourcesBuildPhase;
			buildActionMask = 2147483647;
			files = (
			);
			runOnlyForDeploymentPostprocessing = 0;
		};
/* End PBXResourcesBuildPhase section */

/* Begin PBXSourcesBuildPhase section */
		F001D304301E8AA900E154BD /* Sources */ = {
			isa = PBXSourcesBuildPhase;
			buildActionMask = 2147483647;
			files = (
			);
			runOnlyForDeploymentPostprocessing = 0;
		};
		F07316AC3022831200FFA544 /* Sources */ = {
			isa = PBXSourcesBuildPhase;
			buildActionMask = 2147483647;
			files = (
			);
			runOnlyForDeploymentPostprocessing = 0;
		};
		F073170B30241ABC00FFA544 /* Sources */ = {
			isa = PBXSourcesBuildPhase;
			buildActionMask = 2147483647;
			files = (
			);
			runOnlyForDeploymentPostprocessing = 0;
		};
		F073172130241AD500FFA544 /* Sources */ = {
			isa = PBXSourcesBuildPhase;
			buildActionMask = 2147483647;
			files = (
			);
			runOnlyForDeploymentPostprocessing = 0;
		};
/* End PBXSourcesBuildPhase section */

/* Begin PBXTargetDependency section */
		F07316BF3022831400FFA544 /* PBXTargetDependency */ = {
			isa = PBXTargetDependency;
			target = F07316AF3022831200FFA544 /* LushWidgetExtension */;
			targetProxy = F07316BE3022831400FFA544 /* PBXContainerItemProxy */;
		};
		F073171A30241ABC00FFA544 /* PBXTargetDependency */ = {
			isa = PBXTargetDependency;
			target = F073170E30241ABC00FFA544 /* LushShareExtension */;
			targetProxy = F073171930241ABC00FFA544 /* PBXContainerItemProxy */;
		};
		F073173230241AD500FFA544 /* PBXTargetDependency */ = {
			isa = PBXTargetDependency;
			target = F073172430241AD500FFA544 /* LushFinderAction */;
			targetProxy = F073173130241AD500FFA544 /* PBXContainerItemProxy */;
		};
/* End PBXTargetDependency section */

/* Begin XCBuildConfiguration section */
		F001D316301E8AAA00E154BD /* Debug */ = {
			isa = XCBuildConfiguration;
			buildSettings = {
				ARCHS = "$(ARCHS_STANDARD)";
				ASSETCATALOG_COMPILER_APPICON_NAME = AppIcon;
				ASSETCATALOG_COMPILER_GLOBAL_ACCENT_COLOR_NAME = AccentColor;
				AUTOMATION_APPLE_EVENTS = YES;
				CODE_SIGN_ENTITLEMENTS = lush/lush.entitlements;
				CODE_SIGN_STYLE = Automatic;
				CURRENT_PROJECT_VERSION = 1;
				DEVELOPMENT_TEAM = R2MP6EU7T3;
				ENABLE_APP_SANDBOX = YES;
				ENABLE_HARDENED_RUNTIME = YES;
				ENABLE_INCOMING_NETWORK_CONNECTIONS = YES;
				ENABLE_OUTGOING_NETWORK_CONNECTIONS = YES;
				ENABLE_PREVIEWS = YES;
				ENABLE_RESOURCE_ACCESS_AUDIO_INPUT = YES;
				ENABLE_RESOURCE_ACCESS_BLUETOOTH = YES;
				ENABLE_RESOURCE_ACCESS_CALENDARS = YES;
				ENABLE_RESOURCE_ACCESS_CAMERA = YES;
				ENABLE_RESOURCE_ACCESS_CONTACTS = YES;
				ENABLE_RESOURCE_ACCESS_LOCATION = YES;
				ENABLE_RESOURCE_ACCESS_PHOTO_LIBRARY = YES;
				ENABLE_RESOURCE_ACCESS_PRINTING = YES;
				ENABLE_RESOURCE_ACCESS_USB = YES;
				ENABLE_USER_SELECTED_FILES = readwrite;
				GENERATE_INFOPLIST_FILE = YES;
				INFOPLIST_FILE = lush/Info.plist;
				INFOPLIST_KEY_CFBundleDisplayName = Lush;
				INFOPLIST_KEY_LSApplicationCategoryType = "public.app-category.productivity";
				INFOPLIST_KEY_NSAppleEventsUsageDescription = "Lush reads your Apple Notes to import them.";
				INFOPLIST_KEY_NSCameraUsageDescription = "Lush takes photos to attach them to your notes.";
				INFOPLIST_KEY_NSMicrophoneUsageDescription = "Lush records audio to attach voice memos to your notes. hehe";
				"INFOPLIST_KEY_UIApplicationSceneManifest_Generation[sdk=iphoneos*]" = YES;
				"INFOPLIST_KEY_UIApplicationSceneManifest_Generation[sdk=iphonesimulator*]" = YES;
				"INFOPLIST_KEY_UIApplicationSupportsIndirectInputEvents[sdk=iphoneos*]" = YES;
				"INFOPLIST_KEY_UIApplicationSupportsIndirectInputEvents[sdk=iphonesimulator*]" = YES;
				"INFOPLIST_KEY_UILaunchScreen_Generation[sdk=iphoneos*]" = YES;
				"INFOPLIST_KEY_UILaunchScreen_Generation[sdk=iphonesimulator*]" = YES;
				"INFOPLIST_KEY_UIStatusBarStyle[sdk=iphoneos*]" = UIStatusBarStyleDefault;
				"INFOPLIST_KEY_UIStatusBarStyle[sdk=iphonesimulator*]" = UIStatusBarStyleDefault;
				INFOPLIST_KEY_UISupportedInterfaceOrientations = "UIInterfaceOrientationLandscapeLeft UIInterfaceOrientationLandscapeRight UIInterfaceOrientationPortrait UIInterfaceOrientationPortraitUpsideDown";
				"INFOPLIST_KEY_UISupportsDocumentBrowser[sdk=iphoneos*]" = YES;
				"INFOPLIST_KEY_UISupportsDocumentBrowser[sdk=iphonesimulator*]" = YES;
				IPHONEOS_DEPLOYMENT_TARGET = 26.5;
				LD_RUNPATH_SEARCH_PATHS = "@executable_path/Frameworks";
				"LD_RUNPATH_SEARCH_PATHS[sdk=macosx*]" = "@executable_path/../Frameworks";
				LIBRARY_SEARCH_PATHS = "$(SRCROOT)/core/lib/$(PLATFORM_NAME)";
				"LIBRARY_SEARCH_PATHS[arch=*]" = "$(SRCROOT)/core/lib/$(PLATFORM_NAME)";
				MACOSX_DEPLOYMENT_TARGET = 26.5;
				MARKETING_VERSION = 1.0;
				NEW_SETTING = "";
				NEW_SETTING1 = "";
				NEW_SETTING2 = "";
				OTHER_LDFLAGS = "-llush_core";
				PRODUCT_BUNDLE_IDENTIFIER = party.chee.patchwork.lush;
				PRODUCT_NAME = "$(TARGET_NAME)";
				REGISTER_APP_GROUPS = YES;
				RUNTIME_EXCEPTION_ALLOW_DYLD_ENVIRONMENT_VARIABLES = NO;
				RUNTIME_EXCEPTION_ALLOW_JIT = NO;
				RUNTIME_EXCEPTION_ALLOW_UNSIGNED_EXECUTABLE_MEMORY = NO;
				RUNTIME_EXCEPTION_DEBUGGING_TOOL = NO;
				RUNTIME_EXCEPTION_DISABLE_EXECUTABLE_PAGE_PROTECTION = NO;
				RUNTIME_EXCEPTION_DISABLE_LIBRARY_VALIDATION = NO;
				SDKROOT = auto;
				STRING_CATALOG_GENERATE_SYMBOLS = YES;
				SUPPORTED_PLATFORMS = "iphoneos iphonesimulator macosx xros xrsimulator";
				SWIFT_APPROACHABLE_CONCURRENCY = YES;
				SWIFT_DEFAULT_ACTOR_ISOLATION = nonisolated;
				SWIFT_EMIT_LOC_STRINGS = YES;
				SWIFT_INCLUDE_PATHS = "$(SRCROOT)/core/bindings/include";
				SWIFT_UPCOMING_FEATURE_MEMBER_IMPORT_VISIBILITY = YES;
				SWIFT_VERSION = 5.0;
				TARGETED_DEVICE_FAMILY = "1,2,7";
				XROS_DEPLOYMENT_TARGET = 26.5;
			};
			name = Debug;
		};
		F001D317301E8AAA00E154BD /* Release */ = {
			isa = XCBuildConfiguration;
			buildSettings = {
				ARCHS = "$(ARCHS_STANDARD)";
				ASSETCATALOG_COMPILER_APPICON_NAME = AppIcon;
				ASSETCATALOG_COMPILER_GLOBAL_ACCENT_COLOR_NAME = AccentColor;
				AUTOMATION_APPLE_EVENTS = YES;
				CODE_SIGN_ENTITLEMENTS = lush/lush.entitlements;
				CODE_SIGN_STYLE = Automatic;
				CURRENT_PROJECT_VERSION = 1;
				DEVELOPMENT_TEAM = R2MP6EU7T3;
				ENABLE_APP_SANDBOX = YES;
				ENABLE_HARDENED_RUNTIME = YES;
				ENABLE_INCOMING_NETWORK_CONNECTIONS = YES;
				ENABLE_OUTGOING_NETWORK_CONNECTIONS = YES;
				ENABLE_PREVIEWS = YES;
				ENABLE_RESOURCE_ACCESS_AUDIO_INPUT = YES;
				ENABLE_RESOURCE_ACCESS_BLUETOOTH = YES;
				ENABLE_RESOURCE_ACCESS_CALENDARS = YES;
				ENABLE_RESOURCE_ACCESS_CAMERA = YES;
				ENABLE_RESOURCE_ACCESS_CONTACTS = YES;
				ENABLE_RESOURCE_ACCESS_LOCATION = YES;
				ENABLE_RESOURCE_ACCESS_PHOTO_LIBRARY = YES;
				ENABLE_RESOURCE_ACCESS_PRINTING = YES;
				ENABLE_RESOURCE_ACCESS_USB = YES;
				ENABLE_USER_SELECTED_FILES = readwrite;
				GENERATE_INFOPLIST_FILE = YES;
				INFOPLIST_FILE = lush/Info.plist;
				INFOPLIST_KEY_CFBundleDisplayName = Lush;
				INFOPLIST_KEY_LSApplicationCategoryType = "public.app-category.productivity";
				INFOPLIST_KEY_NSAppleEventsUsageDescription = "Lush reads your Apple Notes to import them.";
				INFOPLIST_KEY_NSCameraUsageDescription = "Lush takes photos to attach them to your notes.";
				INFOPLIST_KEY_NSMicrophoneUsageDescription = "Lush records audio to attach voice memos to your notes. hehe";
				"INFOPLIST_KEY_UIApplicationSceneManifest_Generation[sdk=iphoneos*]" = YES;
				"INFOPLIST_KEY_UIApplicationSceneManifest_Generation[sdk=iphonesimulator*]" = YES;
				"INFOPLIST_KEY_UIApplicationSupportsIndirectInputEvents[sdk=iphoneos*]" = YES;
				"INFOPLIST_KEY_UIApplicationSupportsIndirectInputEvents[sdk=iphonesimulator*]" = YES;
				"INFOPLIST_KEY_UILaunchScreen_Generation[sdk=iphoneos*]" = YES;
				"INFOPLIST_KEY_UILaunchScreen_Generation[sdk=iphonesimulator*]" = YES;
				"INFOPLIST_KEY_UIStatusBarStyle[sdk=iphoneos*]" = UIStatusBarStyleDefault;
				"INFOPLIST_KEY_UIStatusBarStyle[sdk=iphonesimulator*]" = UIStatusBarStyleDefault;
				INFOPLIST_KEY_UISupportedInterfaceOrientations = "UIInterfaceOrientationLandscapeLeft UIInterfaceOrientationLandscapeRight UIInterfaceOrientationPortrait UIInterfaceOrientationPortraitUpsideDown";
				"INFOPLIST_KEY_UISupportsDocumentBrowser[sdk=iphoneos*]" = YES;
				"INFOPLIST_KEY_UISupportsDocumentBrowser[sdk=iphonesimulator*]" = YES;
				IPHONEOS_DEPLOYMENT_TARGET = 26.5;
				LD_RUNPATH_SEARCH_PATHS = "@executable_path/Frameworks";
				"LD_RUNPATH_SEARCH_PATHS[sdk=macosx*]" = "@executable_path/../Frameworks";
				LIBRARY_SEARCH_PATHS = "$(SRCROOT)/core/lib/$(PLATFORM_NAME)";
				"LIBRARY_SEARCH_PATHS[arch=*]" = "$(SRCROOT)/core/lib/$(PLATFORM_NAME)";
				MACOSX_DEPLOYMENT_TARGET = 26.5;
				MARKETING_VERSION = 1.0;
				NEW_SETTING = "";
				NEW_SETTING1 = "";
				NEW_SETTING2 = "";
				OTHER_LDFLAGS = "-llush_core";
				PRODUCT_BUNDLE_IDENTIFIER = party.chee.patchwork.lush;
				PRODUCT_NAME = "$(TARGET_NAME)";
				REGISTER_APP_GROUPS = YES;
				RUNTIME_EXCEPTION_ALLOW_DYLD_ENVIRONMENT_VARIABLES = NO;
				RUNTIME_EXCEPTION_ALLOW_JIT = NO;
				RUNTIME_EXCEPTION_ALLOW_UNSIGNED_EXECUTABLE_MEMORY = NO;
				RUNTIME_EXCEPTION_DEBUGGING_TOOL = NO;
				RUNTIME_EXCEPTION_DISABLE_EXECUTABLE_PAGE_PROTECTION = NO;
				RUNTIME_EXCEPTION_DISABLE_LIBRARY_VALIDATION = NO;
				SDKROOT = auto;
				STRING_CATALOG_GENERATE_SYMBOLS = YES;
				SUPPORTED_PLATFORMS = "iphoneos iphonesimulator macosx xros xrsimulator";
				SWIFT_APPROACHABLE_CONCURRENCY = YES;
				SWIFT_DEFAULT_ACTOR_ISOLATION = nonisolated;
				SWIFT_EMIT_LOC_STRINGS = YES;
				SWIFT_INCLUDE_PATHS = "$(SRCROOT)/core/bindings/include";
				SWIFT_UPCOMING_FEATURE_MEMBER_IMPORT_VISIBILITY = YES;
				SWIFT_VERSION = 5.0;
				TARGETED_DEVICE_FAMILY = "1,2,7";
				XROS_DEPLOYMENT_TARGET = 26.5;
			};
			name = Release;
		};
		F001D318301E8AAA00E154BD /* Debug */ = {
			isa = XCBuildConfiguration;
			buildSettings = {
				ALWAYS_SEARCH_USER_PATHS = NO;
				ARCHS = arm64;
				ASSETCATALOG_COMPILER_GENERATE_SWIFT_ASSET_SYMBOL_EXTENSIONS = YES;
				CLANG_ANALYZER_NONNULL = YES;
				CLANG_ANALYZER_NUMBER_OBJECT_CONVERSION = YES_AGGRESSIVE;
				CLANG_CXX_LANGUAGE_STANDARD = "gnu++20";
				CLANG_ENABLE_MODULES = YES;
				CLANG_ENABLE_OBJC_ARC = YES;
				CLANG_ENABLE_OBJC_WEAK = YES;
				CLANG_WARN_BLOCK_CAPTURE_AUTORELEASING = YES;
				CLANG_WARN_BOOL_CONVERSION = YES;
				CLANG_WARN_COMMA = YES;
				CLANG_WARN_CONSTANT_CONVERSION = YES;
				CLANG_WARN_DEPRECATED_OBJC_IMPLEMENTATIONS = YES;
				CLANG_WARN_DIRECT_OBJC_ISA_USAGE = YES_ERROR;
				CLANG_WARN_DOCUMENTATION_COMMENTS = YES;
				CLANG_WARN_EMPTY_BODY = YES;
				CLANG_WARN_ENUM_CONVERSION = YES;
				CLANG_WARN_INFINITE_RECURSION = YES;
				CLANG_WARN_INT_CONVERSION = YES;
				CLANG_WARN_NON_LITERAL_NULL_CONVERSION = YES;
				CLANG_WARN_OBJC_IMPLICIT_RETAIN_SELF = YES;
				CLANG_WARN_OBJC_LITERAL_CONVERSION = YES;
				CLANG_WARN_OBJC_ROOT_CLASS = YES_ERROR;
				CLANG_WARN_QUOTED_INCLUDE_IN_FRAMEWORK_HEADER = YES;
				CLANG_WARN_RANGE_LOOP_ANALYSIS = YES;
				CLANG_WARN_STRICT_PROTOTYPES = YES;
				CLANG_WARN_SUSPICIOUS_MOVE = YES;
				CLANG_WARN_UNGUARDED_AVAILABILITY = YES_AGGRESSIVE;
				CLANG_WARN_UNREACHABLE_CODE = YES;
				CLANG_WARN__DUPLICATE_METHOD_MATCH = YES;
				COPY_PHASE_STRIP = NO;
				DEBUG_INFORMATION_FORMAT = dwarf;
				DEVELOPMENT_TEAM = R2MP6EU7T3;
				ENABLE_STRICT_OBJC_MSGSEND = YES;
				ENABLE_TESTABILITY = YES;
				ENABLE_USER_SCRIPT_SANDBOXING = YES;
				GCC_C_LANGUAGE_STANDARD = gnu17;
				GCC_DYNAMIC_NO_PIC = NO;
				GCC_NO_COMMON_BLOCKS = YES;
				GCC_OPTIMIZATION_LEVEL = 0;
				GCC_PREPROCESSOR_DEFINITIONS = (
					"DEBUG=1",
					"$(inherited)",
				);
				GCC_WARN_64_TO_32_BIT_CONVERSION = YES;
				GCC_WARN_ABOUT_RETURN_TYPE = YES_ERROR;
				GCC_WARN_UNDECLARED_SELECTOR = YES;
				GCC_WARN_UNINITIALIZED_AUTOS = YES_AGGRESSIVE;
				GCC_WARN_UNUSED_FUNCTION = YES;
				GCC_WARN_UNUSED_VARIABLE = YES;
				LOCALIZATION_PREFERS_STRING_CATALOGS = YES;
				MTL_ENABLE_DEBUG_INFO = INCLUDE_SOURCE;
				MTL_FAST_MATH = YES;
				ONLY_ACTIVE_ARCH = YES;
				STRING_CATALOG_GENERATE_SYMBOLS = YES;
				SWIFT_ACTIVE_COMPILATION_CONDITIONS = "DEBUG $(inherited)";
				SWIFT_OPTIMIZATION_LEVEL = "-Onone";
			};
			name = Debug;
		};
		F001D319301E8AAA00E154BD /* Release */ = {
			isa = XCBuildConfiguration;
			buildSettings = {
				ALWAYS_SEARCH_USER_PATHS = NO;
				ARCHS = arm64;
				ASSETCATALOG_COMPILER_GENERATE_SWIFT_ASSET_SYMBOL_EXTENSIONS = YES;
				CLANG_ANALYZER_NONNULL = YES;
				CLANG_ANALYZER_NUMBER_OBJECT_CONVERSION = YES_AGGRESSIVE;
				CLANG_CXX_LANGUAGE_STANDARD = "gnu++20";
				CLANG_ENABLE_MODULES = YES;
				CLANG_ENABLE_OBJC_ARC = YES;
				CLANG_ENABLE_OBJC_WEAK = YES;
				CLANG_WARN_BLOCK_CAPTURE_AUTORELEASING = YES;
				CLANG_WARN_BOOL_CONVERSION = YES;
				CLANG_WARN_COMMA = YES;
				CLANG_WARN_CONSTANT_CONVERSION = YES;
				CLANG_WARN_DEPRECATED_OBJC_IMPLEMENTATIONS = YES;
				CLANG_WARN_DIRECT_OBJC_ISA_USAGE = YES_ERROR;
				CLANG_WARN_DOCUMENTATION_COMMENTS = YES;
				CLANG_WARN_EMPTY_BODY = YES;
				CLANG_WARN_ENUM_CONVERSION = YES;
				CLANG_WARN_INFINITE_RECURSION = YES;
				CLANG_WARN_INT_CONVERSION = YES;
				CLANG_WARN_NON_LITERAL_NULL_CONVERSION = YES;
				CLANG_WARN_OBJC_IMPLICIT_RETAIN_SELF = YES;
				CLANG_WARN_OBJC_LITERAL_CONVERSION = YES;
				CLANG_WARN_OBJC_ROOT_CLASS = YES_ERROR;
				CLANG_WARN_QUOTED_INCLUDE_IN_FRAMEWORK_HEADER = YES;
				CLANG_WARN_RANGE_LOOP_ANALYSIS = YES;
				CLANG_WARN_STRICT_PROTOTYPES = YES;
				CLANG_WARN_SUSPICIOUS_MOVE = YES;
				CLANG_WARN_UNGUARDED_AVAILABILITY = YES_AGGRESSIVE;
				CLANG_WARN_UNREACHABLE_CODE = YES;
				CLANG_WARN__DUPLICATE_METHOD_MATCH = YES;
				COPY_PHASE_STRIP = NO;
				DEBUG_INFORMATION_FORMAT = "dwarf-with-dsym";
				DEVELOPMENT_TEAM = R2MP6EU7T3;
				ENABLE_NS_ASSERTIONS = NO;
				ENABLE_STRICT_OBJC_MSGSEND = YES;
				ENABLE_USER_SCRIPT_SANDBOXING = YES;
				GCC_C_LANGUAGE_STANDARD = gnu17;
				GCC_NO_COMMON_BLOCKS = YES;
				GCC_WARN_64_TO_32_BIT_CONVERSION = YES;
				GCC_WARN_ABOUT_RETURN_TYPE = YES_ERROR;
				GCC_WARN_UNDECLARED_SELECTOR = YES;
				GCC_WARN_UNINITIALIZED_AUTOS = YES_AGGRESSIVE;
				GCC_WARN_UNUSED_FUNCTION = YES;
				GCC_WARN_UNUSED_VARIABLE = YES;
				LOCALIZATION_PREFERS_STRING_CATALOGS = YES;
				MTL_ENABLE_DEBUG_INFO = NO;
				MTL_FAST_MATH = YES;
				ONLY_ACTIVE_ARCH = YES;
				STRING_CATALOG_GENERATE_SYMBOLS = YES;
				SWIFT_COMPILATION_MODE = wholemodule;
			};
			name = Release;
		};
		F07316C33022831400FFA544 /* Debug */ = {
			isa = XCBuildConfiguration;
			buildSettings = {
				ASSETCATALOG_COMPILER_GLOBAL_ACCENT_COLOR_NAME = AccentColor;
				ASSETCATALOG_COMPILER_WIDGET_BACKGROUND_COLOR_NAME = WidgetBackground;
				CODE_SIGN_ENTITLEMENTS = LushWidget/LushWidget.entitlements;
				CODE_SIGN_STYLE = Automatic;
				CURRENT_PROJECT_VERSION = 1;
				DEVELOPMENT_TEAM = R2MP6EU7T3;
				ENABLE_APP_SANDBOX = YES;
				ENABLE_HARDENED_RUNTIME = YES;
				GENERATE_INFOPLIST_FILE = YES;
				INFOPLIST_FILE = LushWidget/Info.plist;
				INFOPLIST_KEY_CFBundleDisplayName = LushWidget;
				INFOPLIST_KEY_NSHumanReadableCopyright = "";
				IPHONEOS_DEPLOYMENT_TARGET = 26.5;
				LD_RUNPATH_SEARCH_PATHS = (
					"$(inherited)",
					"@executable_path/Frameworks",
					"@executable_path/../../Frameworks",
				);
				"LD_RUNPATH_SEARCH_PATHS[sdk=macosx*]" = (
					"$(inherited)",
					"@executable_path/../Frameworks",
					"@executable_path/../../../../Frameworks",
				);
				MACOSX_DEPLOYMENT_TARGET = 26.5;
				MARKETING_VERSION = 1.0;
				PRODUCT_BUNDLE_IDENTIFIER = party.chee.patchwork.lush.LushWidget;
				PRODUCT_NAME = "$(TARGET_NAME)";
				SDKROOT = auto;
				SKIP_INSTALL = YES;
				STRING_CATALOG_GENERATE_SYMBOLS = YES;
				SUPPORTED_PLATFORMS = "iphoneos iphonesimulator macosx xros xrsimulator";
				SWIFT_APPROACHABLE_CONCURRENCY = YES;
				SWIFT_EMIT_LOC_STRINGS = YES;
				SWIFT_UPCOMING_FEATURE_MEMBER_IMPORT_VISIBILITY = YES;
				SWIFT_VERSION = 5.0;
				TARGETED_DEVICE_FAMILY = "1,2,7";
				XROS_DEPLOYMENT_TARGET = 26.5;
			};
			name = Debug;
		};
		F07316C43022831400FFA544 /* Release */ = {
			isa = XCBuildConfiguration;
			buildSettings = {
				ASSETCATALOG_COMPILER_GLOBAL_ACCENT_COLOR_NAME = AccentColor;
				ASSETCATALOG_COMPILER_WIDGET_BACKGROUND_COLOR_NAME = WidgetBackground;
				CODE_SIGN_ENTITLEMENTS = LushWidget/LushWidget.entitlements;
				CODE_SIGN_STYLE = Automatic;
				CURRENT_PROJECT_VERSION = 1;
				DEVELOPMENT_TEAM = R2MP6EU7T3;
				ENABLE_APP_SANDBOX = YES;
				ENABLE_HARDENED_RUNTIME = YES;
				GENERATE_INFOPLIST_FILE = YES;
				INFOPLIST_FILE = LushWidget/Info.plist;
				INFOPLIST_KEY_CFBundleDisplayName = LushWidget;
				INFOPLIST_KEY_NSHumanReadableCopyright = "";
				IPHONEOS_DEPLOYMENT_TARGET = 26.5;
				LD_RUNPATH_SEARCH_PATHS = (
					"$(inherited)",
					"@executable_path/Frameworks",
					"@executable_path/../../Frameworks",
				);
				"LD_RUNPATH_SEARCH_PATHS[sdk=macosx*]" = (
					"$(inherited)",
					"@executable_path/../Frameworks",
					"@executable_path/../../../../Frameworks",
				);
				MACOSX_DEPLOYMENT_TARGET = 26.5;
				MARKETING_VERSION = 1.0;
				PRODUCT_BUNDLE_IDENTIFIER = party.chee.patchwork.lush.LushWidget;
				PRODUCT_NAME = "$(TARGET_NAME)";
				SDKROOT = auto;
				SKIP_INSTALL = YES;
				STRING_CATALOG_GENERATE_SYMBOLS = YES;
				SUPPORTED_PLATFORMS = "iphoneos iphonesimulator macosx xros xrsimulator";
				SWIFT_APPROACHABLE_CONCURRENCY = YES;
				SWIFT_EMIT_LOC_STRINGS = YES;
				SWIFT_UPCOMING_FEATURE_MEMBER_IMPORT_VISIBILITY = YES;
				SWIFT_VERSION = 5.0;
				TARGETED_DEVICE_FAMILY = "1,2,7";
				XROS_DEPLOYMENT_TARGET = 26.5;
			};
			name = Release;
		};
		F073171E30241ABC00FFA544 /* Debug */ = {
			isa = XCBuildConfiguration;
			buildSettings = {
				CODE_SIGN_STYLE = Automatic;
				COMBINE_HIDPI_IMAGES = YES;
				CURRENT_PROJECT_VERSION = 1;
				DEVELOPMENT_TEAM = R2MP6EU7T3;
				ENABLE_APP_SANDBOX = YES;
				ENABLE_HARDENED_RUNTIME = YES;
				ENABLE_USER_SELECTED_FILES = readonly;
				GENERATE_INFOPLIST_FILE = YES;
				INFOPLIST_FILE = LushShareExtension/Info.plist;
				INFOPLIST_KEY_CFBundleDisplayName = LushShareExtension;
				INFOPLIST_KEY_NSHumanReadableCopyright = "";
				LD_RUNPATH_SEARCH_PATHS = (
					"$(inherited)",
					"@executable_path/../Frameworks",
					"@executable_path/../../../../Frameworks",
				);
				MACOSX_DEPLOYMENT_TARGET = 26.5;
				MARKETING_VERSION = 1.0;
				PRODUCT_BUNDLE_IDENTIFIER = party.chee.patchwork.lush.LushShareExtension;
				PRODUCT_NAME = "$(TARGET_NAME)";
				SDKROOT = macosx;
				SKIP_INSTALL = YES;
				STRING_CATALOG_GENERATE_SYMBOLS = YES;
				SWIFT_APPROACHABLE_CONCURRENCY = YES;
				SWIFT_EMIT_LOC_STRINGS = YES;
				SWIFT_UPCOMING_FEATURE_MEMBER_IMPORT_VISIBILITY = YES;
				SWIFT_VERSION = 5.0;
			};
			name = Debug;
		};
		F073171F30241ABC00FFA544 /* Release */ = {
			isa = XCBuildConfiguration;
			buildSettings = {
				CODE_SIGN_STYLE = Automatic;
				COMBINE_HIDPI_IMAGES = YES;
				CURRENT_PROJECT_VERSION = 1;
				DEVELOPMENT_TEAM = R2MP6EU7T3;
				ENABLE_APP_SANDBOX = YES;
				ENABLE_HARDENED_RUNTIME = YES;
				ENABLE_USER_SELECTED_FILES = readonly;
				GENERATE_INFOPLIST_FILE = YES;
				INFOPLIST_FILE = LushShareExtension/Info.plist;
				INFOPLIST_KEY_CFBundleDisplayName = LushShareExtension;
				INFOPLIST_KEY_NSHumanReadableCopyright = "";
				LD_RUNPATH_SEARCH_PATHS = (
					"$(inherited)",
					"@executable_path/../Frameworks",
					"@executable_path/../../../../Frameworks",
				);
				MACOSX_DEPLOYMENT_TARGET = 26.5;
				MARKETING_VERSION = 1.0;
				PRODUCT_BUNDLE_IDENTIFIER = party.chee.patchwork.lush.LushShareExtension;
				PRODUCT_NAME = "$(TARGET_NAME)";
				SDKROOT = macosx;
				SKIP_INSTALL = YES;
				STRING_CATALOG_GENERATE_SYMBOLS = YES;
				SWIFT_APPROACHABLE_CONCURRENCY = YES;
				SWIFT_EMIT_LOC_STRINGS = YES;
				SWIFT_UPCOMING_FEATURE_MEMBER_IMPORT_VISIBILITY = YES;
				SWIFT_VERSION = 5.0;
			};
			name = Release;
		};
		F073173630241AD500FFA544 /* Debug */ = {
			isa = XCBuildConfiguration;
			buildSettings = {
				CODE_SIGN_STYLE = Automatic;
				COMBINE_HIDPI_IMAGES = YES;
				CURRENT_PROJECT_VERSION = 1;
				DEVELOPMENT_TEAM = R2MP6EU7T3;
				ENABLE_APP_SANDBOX = YES;
				ENABLE_HARDENED_RUNTIME = YES;
				ENABLE_USER_SELECTED_FILES = readonly;
				GENERATE_INFOPLIST_FILE = YES;
				INFOPLIST_FILE = LushFinderAction/Info.plist;
				INFOPLIST_KEY_CFBundleDisplayName = LushFinderAction;
				INFOPLIST_KEY_NSHumanReadableCopyright = "";
				LD_RUNPATH_SEARCH_PATHS = (
					"$(inherited)",
					"@executable_path/../Frameworks",
					"@executable_path/../../../../Frameworks",
				);
				MACOSX_DEPLOYMENT_TARGET = 26.5;
				MARKETING_VERSION = 1.0;
				PRODUCT_BUNDLE_IDENTIFIER = party.chee.patchwork.lush.LushFinderAction;
				PRODUCT_NAME = "$(TARGET_NAME)";
				SDKROOT = macosx;
				SKIP_INSTALL = YES;
				STRING_CATALOG_GENERATE_SYMBOLS = YES;
				SWIFT_APPROACHABLE_CONCURRENCY = YES;
				SWIFT_EMIT_LOC_STRINGS = YES;
				SWIFT_UPCOMING_FEATURE_MEMBER_IMPORT_VISIBILITY = YES;
				SWIFT_VERSION = 5.0;
			};
			name = Debug;
		};
		F073173730241AD500FFA544 /* Release */ = {
			isa = XCBuildConfiguration;
			buildSettings = {
				CODE_SIGN_STYLE = Automatic;
				COMBINE_HIDPI_IMAGES = YES;
				CURRENT_PROJECT_VERSION = 1;
				DEVELOPMENT_TEAM = R2MP6EU7T3;
				ENABLE_APP_SANDBOX = YES;
				ENABLE_HARDENED_RUNTIME = YES;
				ENABLE_USER_SELECTED_FILES = readonly;
				GENERATE_INFOPLIST_FILE = YES;
				INFOPLIST_FILE = LushFinderAction/Info.plist;
				INFOPLIST_KEY_CFBundleDisplayName = LushFinderAction;
				INFOPLIST_KEY_NSHumanReadableCopyright = "";
				LD_RUNPATH_SEARCH_PATHS = (
					"$(inherited)",
					"@executable_path/../Frameworks",
					"@executable_path/../../../../Frameworks",
				);
				MACOSX_DEPLOYMENT_TARGET = 26.5;
				MARKETING_VERSION = 1.0;
				PRODUCT_BUNDLE_IDENTIFIER = party.chee.patchwork.lush.LushFinderAction;
				PRODUCT_NAME = "$(TARGET_NAME)";
				SDKROOT = macosx;
				SKIP_INSTALL = YES;
				STRING_CATALOG_GENERATE_SYMBOLS = YES;
				SWIFT_APPROACHABLE_CONCURRENCY = YES;
				SWIFT_EMIT_LOC_STRINGS = YES;
				SWIFT_UPCOMING_FEATURE_MEMBER_IMPORT_VISIBILITY = YES;
				SWIFT_VERSION = 5.0;
			};
			name = Release;
		};
/* End XCBuildConfiguration section */

/* Begin XCConfigurationList section */
		F001D303301E8AA900E154BD /* Build configuration list for PBXProject "Lush" */ = {
			isa = XCConfigurationList;
			buildConfigurations = (
				F001D318301E8AAA00E154BD /* Debug */,
				F001D319301E8AAA00E154BD /* Release */,
			);
			defaultConfigurationIsVisible = 0;
			defaultConfigurationName = Release;
		};
		F001D315301E8AAA00E154BD /* Build configuration list for PBXNativeTarget "Lush" */ = {
			isa = XCConfigurationList;
			buildConfigurations = (
				F001D316301E8AAA00E154BD /* Debug */,
				F001D317301E8AAA00E154BD /* Release */,
			);
			defaultConfigurationIsVisible = 0;
			defaultConfigurationName = Release;
		};
		F07316C23022831400FFA544 /* Build configuration list for PBXNativeTarget "LushWidgetExtension" */ = {
			isa = XCConfigurationList;
			buildConfigurations = (
				F07316C33022831400FFA544 /* Debug */,
				F07316C43022831400FFA544 /* Release */,
			);
			defaultConfigurationIsVisible = 0;
			defaultConfigurationName = Release;
		};
		F073171D30241ABC00FFA544 /* Build configuration list for PBXNativeTarget "LushShareExtension" */ = {
			isa = XCConfigurationList;
			buildConfigurations = (
				F073171E30241ABC00FFA544 /* Debug */,
				F073171F30241ABC00FFA544 /* Release */,
			);
			defaultConfigurationIsVisible = 0;
			defaultConfigurationName = Release;
		};
		F073173530241AD500FFA544 /* Build configuration list for PBXNativeTarget "LushFinderAction" */ = {
			isa = XCConfigurationList;
			buildConfigurations = (
				F073173630241AD500FFA544 /* Debug */,
				F073173730241AD500FFA544 /* Release */,
			);
			defaultConfigurationIsVisible = 0;
			defaultConfigurationName = Release;
		};
/* End XCConfigurationList section */

/* Begin XCLocalSwiftPackageReference section */
		F0872FA8301F756A003F9B3B /* XCLocalSwiftPackageReference "PatchworkServerKit" */ = {
			isa = XCLocalSwiftPackageReference;
			relativePath = PatchworkServerKit;
		};
/* End XCLocalSwiftPackageReference section */

/* Begin XCRemoteSwiftPackageReference section */
		F0E8D900301FC271002F3622 /* XCRemoteSwiftPackageReference "Runestone" */ = {
			isa = XCRemoteSwiftPackageReference;
			repositoryURL = "https://github.com/simonbs/Runestone";
			requirement = {
				kind = upToNextMajorVersion;
				minimumVersion = 0.5.2;
			};
		};
		F0E8D901301FC4C4002F3622 /* XCRemoteSwiftPackageReference "TreeSitterLanguages" */ = {
			isa = XCRemoteSwiftPackageReference;
			repositoryURL = "git@github.com:simonbs/TreeSitterLanguages.git";
			requirement = {
				kind = upToNextMajorVersion;
				minimumVersion = 0.1.10;
			};
		};
/* End XCRemoteSwiftPackageReference section */

/* Begin XCSwiftPackageProductDependency section */
		F0872FA6301F718C003F9B3B /* PatchworkServerKit */ = {
			isa = XCSwiftPackageProductDependency;
			productName = PatchworkServerKit;
		};
		F0872FA9301F756A003F9B3B /* PatchworkServerKit */ = {
			isa = XCSwiftPackageProductDependency;
			productName = PatchworkServerKit;
		};
/* End XCSwiftPackageProductDependency section */
	};
	rootObject = F001D300301E8AA900E154BD /* Project object */;
}
